
Microsoft Visual Studio Solution File, Format Version 12.00
# Visual Studio Version 17
VisualStudioVersion = 17.0.31903.59
MinimumVisualStudioVersion = 10.0.40219.1
Project("{2150E333-8FDC-42A3-9474-1A3956D46DE8}") = "src", "src", "{A7778306-EB1E-4EF3-8CC0-8F867BDEDE9B}"
EndProject
Project("{FAE04EC0-301F-11D3-BF4B-00C04F79EFBC}") = "dotnet-detect-changes", "src\dotnet-detect-changes\dotnet-detect-changes.csproj", "{646C880F-600B-4F66-BED8-0C04E04AA45C}"
EndProject
Project("{2150E333-8FDC-42A3-9474-1A3956D46DE8}") = "test", "test", "{B049167C-0A70-4747-AC80-403E14F59D49}"
EndProject
Project("{FAE04EC0-301F-11D3-BF4B-00C04F79EFBC}") = "ChangeDetector.Tests", "test\ChangeDetector.Tests\ChangeDetector.Tests.csproj", "{2DA3EBA0-3984-4D8D-9867-72A442D5234E}"
EndProject
Project("{2150E333-8FDC-42A3-9474-1A3956D46DE8}") = "github", "github", "{76FD62CB-6694-4D78-9D59-852745C25DA6}"
EndProject
Project("{2150E333-8FDC-42A3-9474-1A3956D46DE8}") = "workflows", "workflows", "{61AF6E6D-A1E1-40B4-92F7-9E10DE9E5612}"
	ProjectSection(SolutionItems) = preProject
		.github\workflows\pr.yml = .github\workflows\pr.yml
	EndProjectSection
EndProject
Project("{2150E333-8FDC-42A3-9474-1A3956D46DE8}") = "assets", "assets", "{44EDA10A-A799-4175-9CC6-7CD27A58459F}"
	ProjectSection(SolutionItems) = preProject
		Custom.props = Custom.props
		Directory.Build.props = Directory.Build.props
	EndProjectSection
EndProject
Global
	GlobalSection(SolutionConfigurationPlatforms) = preSolution
		Debug|Any CPU = Debug|Any CPU
		Release|Any CPU = Release|Any CPU
	EndGlobalSection
	GlobalSection(SolutionProperties) = preSolution
		HideSolutionNode = FALSE
	EndGlobalSection
	GlobalSection(ProjectConfigurationPlatforms) = postSolution
		{646C880F-600B-4F66-BED8-0C04E04AA45C}.Debug|Any CPU.ActiveCfg = Debug|Any CPU
		{646C880F-600B-4F66-BED8-0C04E04AA45C}.Debug|Any CPU.Build.0 = Debug|Any CPU
		{646C880F-600B-4F66-BED8-0C04E04AA45C}.Release|Any CPU.ActiveCfg = Release|Any CPU
		{646C880F-600B-4F66-BED8-0C04E04AA45C}.Release|Any CPU.Build.0 = Release|Any CPU
		{2DA3EBA0-3984-4D8D-9867-72A442D5234E}.Debug|Any CPU.ActiveCfg = Debug|Any CPU
		{2DA3EBA0-3984-4D8D-9867-72A442D5234E}.Debug|Any CPU.Build.0 = Debug|Any CPU
		{2DA3EBA0-3984-4D8D-9867-72A442D5234E}.Release|Any CPU.ActiveCfg = Release|Any CPU
		{2DA3EBA0-3984-4D8D-9867-72A442D5234E}.Release|Any CPU.Build.0 = Release|Any CPU
	EndGlobalSection
	GlobalSection(NestedProjects) = preSolution
		{646C880F-600B-4F66-BED8-0C04E04AA45C} = {A7778306-EB1E-4EF3-8CC0-8F867BDEDE9B}
		{2DA3EBA0-3984-4D8D-9867-72A442D5234E} = {B049167C-0A70-4747-AC80-403E14F59D49}
		{61AF6E6D-A1E1-40B4-92F7-9E10DE9E5612} = {76FD62CB-6694-4D78-9D59-852745C25DA6}
	EndGlobalSection
EndGlobal
